
Microsoft Visual Studio Solution File, Format Version 12.00
# Visual Studio Version 17
VisualStudioVersion = 17.13.35806.99 d17.13
MinimumVisualStudioVersion = 10.0.40219.1
Project("{FAE04EC0-301F-11D3-BF4B-00C04F79EFBC}") = "NetworkScanner", "NetworkScanner.csproj", "{8813D2FC-9977-4241-8895-FC9AF21DB0CC}"
EndProject
Global
	GlobalSection(SolutionConfigurationPlatforms) = preSolution
		Debug|Any CPU = Debug|Any CPU
		Release|Any CPU = Release|Any CPU
	EndGlobalSection
	GlobalSection(ProjectConfigurationPlatforms) = postSolution
		{8813D2FC-9977-4241-8895-FC9AF21DB0CC}.Debug|Any CPU.ActiveCfg = Debug|Any CPU
		{8813D2FC-9977-4241-8895-FC9AF21DB0CC}.Debug|Any CPU.Build.0 = Debug|Any CPU
		{8813D2FC-9977-4241-8895-FC9AF21DB0CC}.Release|Any CPU.ActiveCfg = Release|Any CPU
		{8813D2FC-9977-4241-8895-FC9AF21DB0CC}.Release|Any CPU.Build.0 = Release|Any CPU
	EndGlobalSection
	GlobalSection(SolutionProperties) = preSolution
		HideSolutionNode = FALSE
	EndGlobalSection
	GlobalSection(ExtensibilityGlobals) = postSolution
		SolutionGuid = {69C4101D-DB04-4717-B0ED-CE93A690C161}
	EndGlobalSection
EndGlobal
